// !$*UTF8*$!
{
	archiveVersion = 1;
	classes = {
	};
	objectVersion = 77;
	objects = {

/* Begin PBXBuildFile section */
		4C0000000000000000000101 /* LumbreDesign in Frameworks */ = {isa = PBXBuildFile; productRef = 4C0000000000000000000301 /* LumbreDesign */; };
		4C0000000000000000000102 /* LumbreCore in Frameworks */ = {isa = PBXBuildFile; productRef = 4C0000000000000000000302 /* LumbreCore */; };
/* End PBXBuildFile section */

/* Begin PBXFileReference section */
		4C0000000000000000000201 /* Lumbre.app */ = {isa = PBXFileReference; explicitFileType = wrapper.application; includeInIndex = 0; path = Lumbre.app; sourceTree = BUILT_PRODUCTS_DIR; };
/* End PBXFileReference section */

/* Begin PBXFileSystemSynchronizedRootGroup section */
		4C0000000000000000000401 /* Lumbre */ = {
			isa = PBXFileSystemSynchronizedRootGroup;
			path = Lumbre;
			sourceTree = "<group>";
		};
/* End PBXFileSystemSynchronizedRootGroup section */

/* Begin PBXFrameworksBuildPhase section */
		4C0000000000000000000501 /* Frameworks */ = {
			isa = PBXFrameworksBuildPhase;
			buildActionMask = 2147483647;
			files = (
				4C0000000000000000000101 /* LumbreDesign in Frameworks */,
				4C0000000000000000000102 /* LumbreCore in Frameworks */,
			);
			runOnlyForDeploymentPostprocessing = 0;
		};
/* End PBXFrameworksBuildPhase section */

/* Begin PBXGroup section */
		4C0000000000000000000601 = {
			isa = PBXGroup;
			children = (
				4C0000000000000000000401 /* Lumbre */,
				4C0000000000000000000602 /* Products */,
			);
			sourceTree = "<group>";
		};
		4C0000000000000000000602 /* Products */ = {
			isa = PBXGroup;
			children = (
				4C0000000000000000000201 /* Lumbre.app */,
			);
			name = Products;
			sourceTree = "<group>";
		};
/* End PBXGroup section */

/* Begin PBXNativeTarget section */
		4C0000000000000000000701 /* Lumbre */ = {
			isa = PBXNativeTarget;
			buildConfigurationList = 4C0000000000000000000A02 /* Build configuration list for PBXNativeTarget "Lumbre" */;
			buildPhases = (
				4C0000000000000000000801 /* Sources */,
				4C0000000000000000000501 /* Frameworks */,
				4C0000000000000000000802 /* Resources */,
			);
			buildRules = (
			);
			dependencies = (
			);
			fileSystemSynchronizedGroups = (
				4C0000000000000000000401 /* Lumbre */,
			);
			name = Lumbre;
			packageProductDependencies = (
				4C0000000000000000000301 /* LumbreDesign */,
				4C0000000000000000000302 /* LumbreCore */,
			);
			productName = Lumbre;
			productReference = 4C0000000000000000000201 /* Lumbre.app */;
			productType = "com.apple.product-type.application";
		};
/* End PBXNativeTarget section */

/* Begin PBXProject section */
		4C0000000000000000000901 /* Project object */ = {
			isa = PBXProject;
			attributes = {
				BuildIndependentTargetsInParallel = 1;
				LastSwiftUpdateCheck = 2630;
				LastUpgradeCheck = 2630;
				TargetAttributes = {
					4C0000000000000000000701 = {
						CreatedOnToolsVersion = 26.3;
					};
				};
			};
			buildConfigurationList = 4C0000000000000000000A01 /* Build configuration list for PBXProject "Lumbre" */;
			developmentRegion = es;
			hasScannedForEncodings = 0;
			knownRegions = (
				es,
				en,
				Base,
			);
			mainGroup = 4C0000000000000000000601;
			minimizedProjectReferenceProxies = 1;
			packageReferences = (
				4C0000000000000000000B01 /* XCLocalSwiftPackageReference "Packages/LumbreDesign" */,
				4C0000000000000000000B02 /* XCLocalSwiftPackageReference "Packages/LumbreCore" */,
			);
			preferredProjectObjectVersion = 77;
			productRefGroup = 4C0000000000000000000602 /* Products */;
			projectDirPath = "";
			projectRoot = "";
			targets = (
				4C0000000000000000000701 /* Lumbre */,
			);
		};
/* End PBXProject section */

/* Begin PBXResourcesBuildPhase section */
		4C0000000000000000000802 /* Resources */ = {
			isa = PBXResourcesBuildPhase;
			buildActionMask = 2147483647;
			files = (
			);
			runOnlyForDeploymentPostprocessing = 0;
		};
/* End PBXResourcesBuildPhase section */

/* Begin PBXSourcesBuildPhase section */
		4C0000000000000000000801 /* Sources */ = {
			isa = PBXSourcesBuildPhase;
			buildActionMask = 2147483647;
			files = (
			);
			runOnlyForDeploymentPostprocessing = 0;
		};
/* End PBXSourcesBuildPhase section */

/* Begin XCBuildConfiguration section */
		4C0000000000000000000C01 /* Debug */ = {
			isa = XCBuildConfiguration;
			buildSettings = {
				ALWAYS_SEARCH_USER_PATHS = NO;
				ASSETCATALOG_COMPILER_GENERATE_SWIFT_ASSET_SYMBOL_EXTENSIONS = YES;
				CLANG_ENABLE_MODULES = YES;
				CLANG_ENABLE_OBJC_ARC = YES;
				COPY_PHASE_STRIP = NO;
				DEBUG_INFORMATION_FORMAT = dwarf;
				ENABLE_STRICT_OBJC_MSGSEND = YES;
				ENABLE_TESTABILITY = YES;
				ENABLE_USER_SCRIPT_SANDBOXING = YES;
				GCC_OPTIMIZATION_LEVEL = 0;
				GCC_PREPROCESSOR_DEFINITIONS = (
					"DEBUG=1",
					"$(inherited)",
				);
				IPHONEOS_DEPLOYMENT_TARGET = 17.0;
				LOCALIZATION_PREFERS_STRING_CATALOGS = YES;
				MTL_ENABLE_DEBUG_INFO = INCLUDE_SOURCE;
				ONLY_ACTIVE_ARCH = YES;
				SDKROOT = iphoneos;
				SWIFT_ACTIVE_COMPILATION_CONDITIONS = "DEBUG $(inherited)";
				SWIFT_OPTIMIZATION_LEVEL = "-Onone";
			};
			name = Debug;
		};
		4C0000000000000000000C02 /* Release */ = {
			isa = XCBuildConfiguration;
			buildSettings = {
				ALWAYS_SEARCH_USER_PATHS = NO;
				ASSETCATALOG_COMPILER_GENERATE_SWIFT_ASSET_SYMBOL_EXTENSIONS = YES;
				CLANG_ENABLE_MODULES = YES;
				CLANG_ENABLE_OBJC_ARC = YES;
				COPY_PHASE_STRIP = NO;
				DEBUG_INFORMATION_FORMAT = "dwarf-with-dsym";
				ENABLE_NS_ASSERTIONS = NO;
				ENABLE_STRICT_OBJC_MSGSEND = YES;
				ENABLE_USER_SCRIPT_SANDBOXING = YES;
				IPHONEOS_DEPLOYMENT_TARGET = 17.0;
				LOCALIZATION_PREFERS_STRING_CATALOGS = YES;
				MTL_ENABLE_DEBUG_INFO = NO;
				SDKROOT = iphoneos;
				SWIFT_COMPILATION_MODE = wholemodule;
				VALIDATE_PRODUCT = YES;
			};
			name = Release;
		};
		4C0000000000000000000C03 /* Debug */ = {
			isa = XCBuildConfiguration;
			buildSettings = {
				ASSETCATALOG_COMPILER_GLOBAL_ACCENT_COLOR_NAME = AccentColor;
				CODE_SIGN_STYLE = Automatic;
				CURRENT_PROJECT_VERSION = 1;
				ENABLE_PREVIEWS = YES;
				GENERATE_INFOPLIST_FILE = YES;
				INFOPLIST_KEY_CFBundleDisplayName = Lumbre;
				INFOPLIST_KEY_UIApplicationSceneManifest_Generation = YES;
				INFOPLIST_KEY_UIApplicationSupportsIndirectInputEvents = YES;
				INFOPLIST_KEY_UILaunchScreen_Generation = YES;
				INFOPLIST_KEY_UISupportedInterfaceOrientations = UIInterfaceOrientationPortrait;
				LD_RUNPATH_SEARCH_PATHS = (
					"$(inherited)",
					"@executable_path/Frameworks",
				);
				MARKETING_VERSION = 0.1.0;
				PRODUCT_BUNDLE_IDENTIFIER = com.matiasrodriguezc.lumbre;
				PRODUCT_NAME = "$(TARGET_NAME)";
				SUPPORTED_PLATFORMS = "iphoneos iphonesimulator";
				SUPPORTS_MACCATALYST = NO;
				SWIFT_EMIT_LOC_STRINGS = YES;
				SWIFT_VERSION = 6.0;
				TARGETED_DEVICE_FAMILY = 1;
			};
			name = Debug;
		};
		4C0000000000000000000C04 /* Release */ = {
			isa = XCBuildConfiguration;
			buildSettings = {
				ASSETCATALOG_COMPILER_GLOBAL_ACCENT_COLOR_NAME = AccentColor;
				CODE_SIGN_STYLE = Automatic;
				CURRENT_PROJECT_VERSION = 1;
				ENABLE_PREVIEWS = YES;
				GENERATE_INFOPLIST_FILE = YES;
				INFOPLIST_KEY_CFBundleDisplayName = Lumbre;
				INFOPLIST_KEY_UIApplicationSceneManifest_Generation = YES;
				INFOPLIST_KEY_UIApplicationSupportsIndirectInputEvents = YES;
				INFOPLIST_KEY_UILaunchScreen_Generation = YES;
				INFOPLIST_KEY_UISupportedInterfaceOrientations = UIInterfaceOrientationPortrait;
				LD_RUNPATH_SEARCH_PATHS = (
					"$(inherited)",
					"@executable_path/Frameworks",
				);
				MARKETING_VERSION = 0.1.0;
				PRODUCT_BUNDLE_IDENTIFIER = com.matiasrodriguezc.lumbre;
				PRODUCT_NAME = "$(TARGET_NAME)";
				SUPPORTED_PLATFORMS = "iphoneos iphonesimulator";
				SUPPORTS_MACCATALYST = NO;
				SWIFT_EMIT_LOC_STRINGS = YES;
				SWIFT_VERSION = 6.0;
				TARGETED_DEVICE_FAMILY = 1;
			};
			name = Release;
		};
/* End XCBuildConfiguration section */

/* Begin XCConfigurationList section */
		4C0000000000000000000A01 /* Build configuration list for PBXProject "Lumbre" */ = {
			isa = XCConfigurationList;
			buildConfigurations = (
				4C0000000000000000000C01 /* Debug */,
				4C0000000000000000000C02 /* Release */,
			);
			defaultConfigurationIsVisible = 0;
			defaultConfigurationName = Release;
		};
		4C0000000000000000000A02 /* Build configuration list for PBXNativeTarget "Lumbre" */ = {
			isa = XCConfigurationList;
			buildConfigurations = (
				4C0000000000000000000C03 /* Debug */,
				4C0000000000000000000C04 /* Release */,
			);
			defaultConfigurationIsVisible = 0;
			defaultConfigurationName = Release;
		};
/* End XCConfigurationList section */

/* Begin XCLocalSwiftPackageReference section */
		4C0000000000000000000B01 /* XCLocalSwiftPackageReference "Packages/LumbreDesign" */ = {
			isa = XCLocalSwiftPackageReference;
			relativePath = Packages/LumbreDesign;
		};
		4C0000000000000000000B02 /* XCLocalSwiftPackageReference "Packages/LumbreCore" */ = {
			isa = XCLocalSwiftPackageReference;
			relativePath = Packages/LumbreCore;
		};
/* End XCLocalSwiftPackageReference section */

/* Begin XCSwiftPackageProductDependency section */
		4C0000000000000000000301 /* LumbreDesign */ = {
			isa = XCSwiftPackageProductDependency;
			productName = LumbreDesign;
		};
		4C0000000000000000000302 /* LumbreCore */ = {
			isa = XCSwiftPackageProductDependency;
			productName = LumbreCore;
		};
/* End XCSwiftPackageProductDependency section */
	};
	rootObject = 4C0000000000000000000901 /* Project object */;
}
